
Microsoft Visual Studio Solution File, Format Version 12.00
# Visual Studio 2013
VisualStudioVersion = 12.0.21005.1
MinimumVisualStudioVersion = 10.0.40219.1
Project("{FAE04EC0-301F-11D3-BF4B-00C04F79EFBC}") = "SAPvsMES", "SAPvsMES\SAPvsMES.csproj", "{39BD2CCE-4FE4-4E97-9436-799A4978C4C6}"
EndProject
Project("{FAE04EC0-301F-11D3-BF4B-00C04F79EFBC}") = "clsHana", "clsHanaMES\clsHana.csproj", "{B60C0D8C-B657-4104-98CE-93431989EC14}"
EndProject
Global
	GlobalSection(SolutionConfigurationPlatforms) = preSolution
		Debug|Any CPU = Debug|Any CPU
		Release|Any CPU = Release|Any CPU
	EndGlobalSection
	GlobalSection(ProjectConfigurationPlatforms) = postSolution
		{39BD2CCE-4FE4-4E97-9436-799A4978C4C6}.Debug|Any CPU.ActiveCfg = Debug|Any CPU
		{39BD2CCE-4FE4-4E97-9436-799A4978C4C6}.Debug|Any CPU.Build.0 = Debug|Any CPU
		{39BD2CCE-4FE4-4E97-9436-799A4978C4C6}.Release|Any CPU.ActiveCfg = Release|Any CPU
		{39BD2CCE-4FE4-4E97-9436-799A4978C4C6}.Release|Any CPU.Build.0 = Release|Any CPU
		{B60C0D8C-B657-4104-98CE-93431989EC14}.Debug|Any CPU.ActiveCfg = Debug|Any CPU
		{B60C0D8C-B657-4104-98CE-93431989EC14}.Debug|Any CPU.Build.0 = Debug|Any CPU
		{B60C0D8C-B657-4104-98CE-93431989EC14}.Release|Any CPU.ActiveCfg = Release|Any CPU
		{B60C0D8C-B657-4104-98CE-93431989EC14}.Release|Any CPU.Build.0 = Release|Any CPU
	EndGlobalSection
	GlobalSection(SolutionProperties) = preSolution
		HideSolutionNode = FALSE
	EndGlobalSection
EndGlobal
